
Microsoft Visual Studio Solution File, Format Version 11.00
# Visual Studio 2010
Project("{FAE04EC0-301F-11D3-BF4B-00C04F79EFBC}") = "IDATest", "IDATest\IDATest.csproj", "{B74127A7-D5A7-4E41-B694-E854EA3FD5FA}"
EndProject
Project("{FAE04EC0-301F-11D3-BF4B-00C04F79EFBC}") = "Test", "Test\Test.csproj", "{E8250B0A-AF1E-4D55-9BF9-24A22F989342}"
EndProject
Project("{8BC9CEB8-8B4A-11D0-8D11-00A0C91BC942}") = "IDACSharp", "IDACSharp\IDACSharp.vcxproj", "{C90AB15D-3A0F-4E49-8E71-5382DC924F5A}"
EndProject
Project("{FAE04EC0-301F-11D3-BF4B-00C04F79EFBC}") = "CSharpLoader", "CSharpLoader\CSharpLoader.csproj", "{B7B57BDA-DE6F-4B6E-A3BE-9409394FE59F}"
EndProject
Project("{FAE04EC0-301F-11D3-BF4B-00C04F79EFBC}") = "VBKiller", "VBKiller\VBKiller.csproj", "{918F3AC8-E674-4C37-8E05-CCF62FFFE424}"
EndProject
Project("{FAE04EC0-301F-11D3-BF4B-00C04F79EFBC}") = "Test2", "Test2\Test2.csproj", "{CD55866E-81B3-40EB-B09C-CF757A719C8B}"
EndProject
Global
	GlobalSection(SolutionConfigurationPlatforms) = preSolution
		Debug|Any CPU = Debug|Any CPU
		Debug|Mixed Platforms = Debug|Mixed Platforms
		Debug|Win32 = Debug|Win32
		Release|Any CPU = Release|Any CPU
		Release|Mixed Platforms = Release|Mixed Platforms
		Release|Win32 = Release|Win32
	EndGlobalSection
	GlobalSection(ProjectConfigurationPlatforms) = postSolution
		{B74127A7-D5A7-4E41-B694-E854EA3FD5FA}.Debug|Any CPU.ActiveCfg = Debug|Any CPU
		{B74127A7-D5A7-4E41-B694-E854EA3FD5FA}.Debug|Any CPU.Build.0 = Debug|Any CPU
		{B74127A7-D5A7-4E41-B694-E854EA3FD5FA}.Debug|Mixed Platforms.ActiveCfg = Debug|Any CPU
		{B74127A7-D5A7-4E41-B694-E854EA3FD5FA}.Debug|Mixed Platforms.Build.0 = Debug|Any CPU
		{B74127A7-D5A7-4E41-B694-E854EA3FD5FA}.Debug|Win32.ActiveCfg = Debug|Any CPU
		{B74127A7-D5A7-4E41-B694-E854EA3FD5FA}.Release|Any CPU.ActiveCfg = Release|Any CPU
		{B74127A7-D5A7-4E41-B694-E854EA3FD5FA}.Release|Any CPU.Build.0 = Release|Any CPU
		{B74127A7-D5A7-4E41-B694-E854EA3FD5FA}.Release|Mixed Platforms.ActiveCfg = Release|Any CPU
		{B74127A7-D5A7-4E41-B694-E854EA3FD5FA}.Release|Mixed Platforms.Build.0 = Release|Any CPU
		{B74127A7-D5A7-4E41-B694-E854EA3FD5FA}.Release|Win32.ActiveCfg = Release|Any CPU
		{E8250B0A-AF1E-4D55-9BF9-24A22F989342}.Debug|Any CPU.ActiveCfg = Debug|Any CPU
		{E8250B0A-AF1E-4D55-9BF9-24A22F989342}.Debug|Any CPU.Build.0 = Debug|Any CPU
		{E8250B0A-AF1E-4D55-9BF9-24A22F989342}.Debug|Mixed Platforms.ActiveCfg = Debug|Any CPU
		{E8250B0A-AF1E-4D55-9BF9-24A22F989342}.Debug|Mixed Platforms.Build.0 = Debug|Any CPU
		{E8250B0A-AF1E-4D55-9BF9-24A22F989342}.Debug|Win32.ActiveCfg = Debug|Any CPU
		{E8250B0A-AF1E-4D55-9BF9-24A22F989342}.Release|Any CPU.ActiveCfg = Release|Any CPU
		{E8250B0A-AF1E-4D55-9BF9-24A22F989342}.Release|Any CPU.Build.0 = Release|Any CPU
		{E8250B0A-AF1E-4D55-9BF9-24A22F989342}.Release|Mixed Platforms.ActiveCfg = Release|Any CPU
		{E8250B0A-AF1E-4D55-9BF9-24A22F989342}.Release|Mixed Platforms.Build.0 = Release|Any CPU
		{E8250B0A-AF1E-4D55-9BF9-24A22F989342}.Release|Win32.ActiveCfg = Release|Any CPU
		{C90AB15D-3A0F-4E49-8E71-5382DC924F5A}.Debug|Any CPU.ActiveCfg = Debug|Win32
		{C90AB15D-3A0F-4E49-8E71-5382DC924F5A}.Debug|Mixed Platforms.ActiveCfg = Debug|Win32
		{C90AB15D-3A0F-4E49-8E71-5382DC924F5A}.Debug|Mixed Platforms.Build.0 = Debug|Win32
		{C90AB15D-3A0F-4E49-8E71-5382DC924F5A}.Debug|Win32.ActiveCfg = Debug|Win32
		{C90AB15D-3A0F-4E49-8E71-5382DC924F5A}.Debug|Win32.Build.0 = Debug|Win32
		{C90AB15D-3A0F-4E49-8E71-5382DC924F5A}.Release|Any CPU.ActiveCfg = Release|Win32
		{C90AB15D-3A0F-4E49-8E71-5382DC924F5A}.Release|Mixed Platforms.ActiveCfg = Release|Win32
		{C90AB15D-3A0F-4E49-8E71-5382DC924F5A}.Release|Mixed Platforms.Build.0 = Release|Win32
		{C90AB15D-3A0F-4E49-8E71-5382DC924F5A}.Release|Win32.ActiveCfg = Release|Win32
		{C90AB15D-3A0F-4E49-8E71-5382DC924F5A}.Release|Win32.Build.0 = Release|Win32
		{B7B57BDA-DE6F-4B6E-A3BE-9409394FE59F}.Debug|Any CPU.ActiveCfg = Debug|Any CPU
		{B7B57BDA-DE6F-4B6E-A3BE-9409394FE59F}.Debug|Any CPU.Build.0 = Debug|Any CPU
		{B7B57BDA-DE6F-4B6E-A3BE-9409394FE59F}.Debug|Mixed Platforms.ActiveCfg = Debug|Any CPU
		{B7B57BDA-DE6F-4B6E-A3BE-9409394FE59F}.Debug|Mixed Platforms.Build.0 = Debug|Any CPU
		{B7B57BDA-DE6F-4B6E-A3BE-9409394FE59F}.Debug|Win32.ActiveCfg = Debug|Any CPU
		{B7B57BDA-DE6F-4B6E-A3BE-9409394FE59F}.Release|Any CPU.ActiveCfg = Release|Any CPU
		{B7B57BDA-DE6F-4B6E-A3BE-9409394FE59F}.Release|Any CPU.Build.0 = Release|Any CPU
		{B7B57BDA-DE6F-4B6E-A3BE-9409394FE59F}.Release|Mixed Platforms.ActiveCfg = Release|Any CPU
		{B7B57BDA-DE6F-4B6E-A3BE-9409394FE59F}.Release|Mixed Platforms.Build.0 = Release|Any CPU
		{B7B57BDA-DE6F-4B6E-A3BE-9409394FE59F}.Release|Win32.ActiveCfg = Release|Any CPU
		{918F3AC8-E674-4C37-8E05-CCF62FFFE424}.Debug|Any CPU.ActiveCfg = Debug|Any CPU
		{918F3AC8-E674-4C37-8E05-CCF62FFFE424}.Debug|Any CPU.Build.0 = Debug|Any CPU
		{918F3AC8-E674-4C37-8E05-CCF62FFFE424}.Debug|Mixed Platforms.ActiveCfg = Debug|Any CPU
		{918F3AC8-E674-4C37-8E05-CCF62FFFE424}.Debug|Mixed Platforms.Build.0 = Debug|Any CPU
		{918F3AC8-E674-4C37-8E05-CCF62FFFE424}.Debug|Win32.ActiveCfg = Debug|Any CPU
		{918F3AC8-E674-4C37-8E05-CCF62FFFE424}.Release|Any CPU.ActiveCfg = Release|Any CPU
		{918F3AC8-E674-4C37-8E05-CCF62FFFE424}.Release|Any CPU.Build.0 = Release|Any CPU
		{918F3AC8-E674-4C37-8E05-CCF62FFFE424}.Release|Mixed Platforms.ActiveCfg = Release|Any CPU
		{918F3AC8-E674-4C37-8E05-CCF62FFFE424}.Release|Mixed Platforms.Build.0 = Release|Any CPU
		{918F3AC8-E674-4C37-8E05-CCF62FFFE424}.Release|Win32.ActiveCfg = Release|Any CPU
		{CD55866E-81B3-40EB-B09C-CF757A719C8B}.Debug|Any CPU.ActiveCfg = Debug|Any CPU
		{CD55866E-81B3-40EB-B09C-CF757A719C8B}.Debug|Any CPU.Build.0 = Debug|Any CPU
		{CD55866E-81B3-40EB-B09C-CF757A719C8B}.Debug|Mixed Platforms.ActiveCfg = Debug|Any CPU
		{CD55866E-81B3-40EB-B09C-CF757A719C8B}.Debug|Mixed Platforms.Build.0 = Debug|Any CPU
		{CD55866E-81B3-40EB-B09C-CF757A719C8B}.Debug|Win32.ActiveCfg = Debug|Any CPU
		{CD55866E-81B3-40EB-B09C-CF757A719C8B}.Release|Any CPU.ActiveCfg = Release|Any CPU
		{CD55866E-81B3-40EB-B09C-CF757A719C8B}.Release|Any CPU.Build.0 = Release|Any CPU
		{CD55866E-81B3-40EB-B09C-CF757A719C8B}.Release|Mixed Platforms.ActiveCfg = Release|Any CPU
		{CD55866E-81B3-40EB-B09C-CF757A719C8B}.Release|Mixed Platforms.Build.0 = Release|Any CPU
		{CD55866E-81B3-40EB-B09C-CF757A719C8B}.Release|Win32.ActiveCfg = Release|Any CPU
	EndGlobalSection
	GlobalSection(SolutionProperties) = preSolution
		HideSolutionNode = FALSE
	EndGlobalSection
EndGlobal
